
Microsoft Visual Studio Solution File, Format Version 12.00
# Visual Studio 14
VisualStudioVersion = 14.0.23107.0
MinimumVisualStudioVersion = 10.0.40219.1
Project("{2150E333-8FDC-42A3-9474-1A3956D46DE8}") = "Solution Items", "Solution Items", "{E7C92995-6DF7-4DD4-842D-ABF781D7B122}"
	ProjectSection(SolutionItems) = preProject
		global.json = global.json
	EndProjectSection
EndProject
Project("{FAE04EC0-301F-11D3-BF4B-00C04F79EFBC}") = "LolApp.Common.RiotAPI", "LolApp.Common.RiotAPI\LolApp.Common.RiotAPI.csproj", "{F2E91C97-B721-4BE5-8E09-D3C5416ECFC3}"
EndProject
Project("{FAE04EC0-301F-11D3-BF4B-00C04F79EFBC}") = "LolApp.Common.RiotAPI.Tests", "LolApp.Common.RiotApi.Tests\LolApp.Common.RiotAPI.Tests.csproj", "{0133567D-3444-435C-96D9-2CB44D833E99}"
EndProject
Project("{FAE04EC0-301F-11D3-BF4B-00C04F79EFBC}") = "LolApp.Common", "LolApp.Common\LolApp.Common.csproj", "{2871CCC9-0F46-467A-8DFD-B1515449A719}"
EndProject
Project("{FAE04EC0-301F-11D3-BF4B-00C04F79EFBC}") = "LolApp.Common.ChampionInfo", "LolApp.Common.ChampionInfo\LolApp.Common.ChampionInfo.csproj", "{8E0F751B-4A91-4592-9EF7-DAB203FDAA7C}"
EndProject
Project("{FAE04EC0-301F-11D3-BF4B-00C04F79EFBC}") = "LolApp.Common.ChampionInfo.Tests", "LolApp.Common.ChampionInfo.Tests\LolApp.Common.ChampionInfo.Tests.csproj", "{737C7B9A-AD44-46CD-8597-CBC21F047CAF}"
EndProject
Project("{FAE04EC0-301F-11D3-BF4B-00C04F79EFBC}") = "LolApp.Common.StaticData", "LolApp.Common.StaticData\LolApp.Common.StaticData.csproj", "{EAF2E4CA-DD0D-4C30-8AD3-D837AC880074}"
EndProject
Project("{FAE04EC0-301F-11D3-BF4B-00C04F79EFBC}") = "LolApp.Common.StaticData.Tests", "LolApp.Common.StaticData.Tests\LolApp.Common.StaticData.Tests.csproj", "{21B30C91-8F1D-4CD7-8510-F58A1FC36149}"
EndProject
Project("{FAE04EC0-301F-11D3-BF4B-00C04F79EFBC}") = "LolApp.Common.StaticData.Extensions", "LolApp.Common.StaticData.Extensions\LolApp.Common.StaticData.Extensions.csproj", "{EC1C916A-D6AD-4BC6-B0A8-32859CEB5BF3}"
EndProject
Global
	GlobalSection(SolutionConfigurationPlatforms) = preSolution
		Debug|Any CPU = Debug|Any CPU
		Release|Any CPU = Release|Any CPU
	EndGlobalSection
	GlobalSection(ProjectConfigurationPlatforms) = postSolution
		{F2E91C97-B721-4BE5-8E09-D3C5416ECFC3}.Debug|Any CPU.ActiveCfg = Debug|Any CPU
		{F2E91C97-B721-4BE5-8E09-D3C5416ECFC3}.Debug|Any CPU.Build.0 = Debug|Any CPU
		{F2E91C97-B721-4BE5-8E09-D3C5416ECFC3}.Release|Any CPU.ActiveCfg = Release|Any CPU
		{F2E91C97-B721-4BE5-8E09-D3C5416ECFC3}.Release|Any CPU.Build.0 = Release|Any CPU
		{0133567D-3444-435C-96D9-2CB44D833E99}.Debug|Any CPU.ActiveCfg = Debug|Any CPU
		{0133567D-3444-435C-96D9-2CB44D833E99}.Debug|Any CPU.Build.0 = Debug|Any CPU
		{0133567D-3444-435C-96D9-2CB44D833E99}.Release|Any CPU.ActiveCfg = Release|Any CPU
		{0133567D-3444-435C-96D9-2CB44D833E99}.Release|Any CPU.Build.0 = Release|Any CPU
		{2871CCC9-0F46-467A-8DFD-B1515449A719}.Debug|Any CPU.ActiveCfg = Debug|Any CPU
		{2871CCC9-0F46-467A-8DFD-B1515449A719}.Debug|Any CPU.Build.0 = Debug|Any CPU
		{2871CCC9-0F46-467A-8DFD-B1515449A719}.Release|Any CPU.ActiveCfg = Release|Any CPU
		{2871CCC9-0F46-467A-8DFD-B1515449A719}.Release|Any CPU.Build.0 = Release|Any CPU
		{8E0F751B-4A91-4592-9EF7-DAB203FDAA7C}.Debug|Any CPU.ActiveCfg = Debug|Any CPU
		{8E0F751B-4A91-4592-9EF7-DAB203FDAA7C}.Debug|Any CPU.Build.0 = Debug|Any CPU
		{8E0F751B-4A91-4592-9EF7-DAB203FDAA7C}.Release|Any CPU.ActiveCfg = Release|Any CPU
		{8E0F751B-4A91-4592-9EF7-DAB203FDAA7C}.Release|Any CPU.Build.0 = Release|Any CPU
		{737C7B9A-AD44-46CD-8597-CBC21F047CAF}.Debug|Any CPU.ActiveCfg = Debug|Any CPU
		{737C7B9A-AD44-46CD-8597-CBC21F047CAF}.Debug|Any CPU.Build.0 = Debug|Any CPU
		{737C7B9A-AD44-46CD-8597-CBC21F047CAF}.Release|Any CPU.ActiveCfg = Release|Any CPU
		{737C7B9A-AD44-46CD-8597-CBC21F047CAF}.Release|Any CPU.Build.0 = Release|Any CPU
		{EAF2E4CA-DD0D-4C30-8AD3-D837AC880074}.Debug|Any CPU.ActiveCfg = Debug|Any CPU
		{EAF2E4CA-DD0D-4C30-8AD3-D837AC880074}.Debug|Any CPU.Build.0 = Debug|Any CPU
		{EAF2E4CA-DD0D-4C30-8AD3-D837AC880074}.Release|Any CPU.ActiveCfg = Release|Any CPU
		{EAF2E4CA-DD0D-4C30-8AD3-D837AC880074}.Release|Any CPU.Build.0 = Release|Any CPU
		{21B30C91-8F1D-4CD7-8510-F58A1FC36149}.Debug|Any CPU.ActiveCfg = Debug|Any CPU
		{21B30C91-8F1D-4CD7-8510-F58A1FC36149}.Debug|Any CPU.Build.0 = Debug|Any CPU
		{21B30C91-8F1D-4CD7-8510-F58A1FC36149}.Release|Any CPU.ActiveCfg = Release|Any CPU
		{21B30C91-8F1D-4CD7-8510-F58A1FC36149}.Release|Any CPU.Build.0 = Release|Any CPU
		{EC1C916A-D6AD-4BC6-B0A8-32859CEB5BF3}.Debug|Any CPU.ActiveCfg = Debug|Any CPU
		{EC1C916A-D6AD-4BC6-B0A8-32859CEB5BF3}.Debug|Any CPU.Build.0 = Debug|Any CPU
		{EC1C916A-D6AD-4BC6-B0A8-32859CEB5BF3}.Release|Any CPU.ActiveCfg = Release|Any CPU
		{EC1C916A-D6AD-4BC6-B0A8-32859CEB5BF3}.Release|Any CPU.Build.0 = Release|Any CPU
	EndGlobalSection
	GlobalSection(SolutionProperties) = preSolution
		HideSolutionNode = FALSE
	EndGlobalSection
EndGlobal
